
Microsoft Visual Studio Solution File, Format Version 12.00
# Visual Studio Version 17
VisualStudioVersion = 17.0.31903.59
MinimumVisualStudioVersion = 10.0.40219.1
Project("{FAE04EC0-301F-11D3-BF4B-00C04F79EFBC}") = "ContactsApp.Core", "ContactsApp.Core\ContactsApp.Core.csproj", "{AA009001-ED01-45F5-A064-DEEC708C3F1A}"
EndProject
Project("{FAE04EC0-301F-11D3-BF4B-00C04F79EFBC}") = "ContactsApp.ConsoleUI", "ContactsApp.ConsoleUI\ContactsApp.ConsoleUI.csproj", "{D775B79A-F80A-461A-9897-BB83AA72C185}"
EndProject
Project("{FAE04EC0-301F-11D3-BF4B-00C04F79EFBC}") = "ContactsApp.Tests", "ContactsApp.Tests\ContactsApp.Tests.csproj", "{A91F2CE9-8C51-4FA0-91B9-AD8E1270A8D1}"
EndProject
Project("{FAE04EC0-301F-11D3-BF4B-00C04F79EFBC}") = "ContactsApp.WebAPI", "ContactsApp.WebAPI\ContactsApp.WebAPI.csproj", "{DE01A9DC-832B-4D4D-965C-AD7237A138CD}"
EndProject
Project("{FAE04EC0-301F-11D3-BF4B-00C04F79EFBC}") = "ContactsApp.Contracts", "ContactsApp.Contracts\ContactsApp.Contracts.csproj", "{72AB2487-D4D8-4CF4-A50F-A374099CA357}"
EndProject
Project("{FAE04EC0-301F-11D3-BF4B-00C04F79EFBC}") = "ContactsApp.WebClient", "ContactsApp.WebClient\ContactsApp.WebClient.csproj", "{F70BA44B-297A-4108-95CF-E2A6CB3AB62F}"
EndProject
Global
	GlobalSection(SolutionConfigurationPlatforms) = preSolution
		Debug|Any CPU = Debug|Any CPU
		Debug|x64 = Debug|x64
		Debug|x86 = Debug|x86
		Release|Any CPU = Release|Any CPU
		Release|x64 = Release|x64
		Release|x86 = Release|x86
	EndGlobalSection
	GlobalSection(ProjectConfigurationPlatforms) = postSolution
		{AA009001-ED01-45F5-A064-DEEC708C3F1A}.Debug|Any CPU.ActiveCfg = Debug|Any CPU
		{AA009001-ED01-45F5-A064-DEEC708C3F1A}.Debug|Any CPU.Build.0 = Debug|Any CPU
		{AA009001-ED01-45F5-A064-DEEC708C3F1A}.Debug|x64.ActiveCfg = Debug|Any CPU
		{AA009001-ED01-45F5-A064-DEEC708C3F1A}.Debug|x64.Build.0 = Debug|Any CPU
		{AA009001-ED01-45F5-A064-DEEC708C3F1A}.Debug|x86.ActiveCfg = Debug|Any CPU
		{AA009001-ED01-45F5-A064-DEEC708C3F1A}.Debug|x86.Build.0 = Debug|Any CPU
		{AA009001-ED01-45F5-A064-DEEC708C3F1A}.Release|Any CPU.ActiveCfg = Release|Any CPU
		{AA009001-ED01-45F5-A064-DEEC708C3F1A}.Release|Any CPU.Build.0 = Release|Any CPU
		{AA009001-ED01-45F5-A064-DEEC708C3F1A}.Release|x64.ActiveCfg = Release|Any CPU
		{AA009001-ED01-45F5-A064-DEEC708C3F1A}.Release|x64.Build.0 = Release|Any CPU
		{AA009001-ED01-45F5-A064-DEEC708C3F1A}.Release|x86.ActiveCfg = Release|Any CPU
		{AA009001-ED01-45F5-A064-DEEC708C3F1A}.Release|x86.Build.0 = Release|Any CPU
		{D775B79A-F80A-461A-9897-BB83AA72C185}.Debug|Any CPU.ActiveCfg = Debug|Any CPU
		{D775B79A-F80A-461A-9897-BB83AA72C185}.Debug|Any CPU.Build.0 = Debug|Any CPU
		{D775B79A-F80A-461A-9897-BB83AA72C185}.Debug|x64.ActiveCfg = Debug|Any CPU
		{D775B79A-F80A-461A-9897-BB83AA72C185}.Debug|x64.Build.0 = Debug|Any CPU
		{D775B79A-F80A-461A-9897-BB83AA72C185}.Debug|x86.ActiveCfg = Debug|Any CPU
		{D775B79A-F80A-461A-9897-BB83AA72C185}.Debug|x86.Build.0 = Debug|Any CPU
		{D775B79A-F80A-461A-9897-BB83AA72C185}.Release|Any CPU.ActiveCfg = Release|Any CPU
		{D775B79A-F80A-461A-9897-BB83AA72C185}.Release|Any CPU.Build.0 = Release|Any CPU
		{D775B79A-F80A-461A-9897-BB83AA72C185}.Release|x64.ActiveCfg = Release|Any CPU
		{D775B79A-F80A-461A-9897-BB83AA72C185}.Release|x64.Build.0 = Release|Any CPU
		{D775B79A-F80A-461A-9897-BB83AA72C185}.Release|x86.ActiveCfg = Release|Any CPU
		{D775B79A-F80A-461A-9897-BB83AA72C185}.Release|x86.Build.0 = Release|Any CPU
		{A91F2CE9-8C51-4FA0-91B9-AD8E1270A8D1}.Debug|Any CPU.ActiveCfg = Debug|Any CPU
		{A91F2CE9-8C51-4FA0-91B9-AD8E1270A8D1}.Debug|Any CPU.Build.0 = Debug|Any CPU
		{A91F2CE9-8C51-4FA0-91B9-AD8E1270A8D1}.Debug|x64.ActiveCfg = Debug|Any CPU
		{A91F2CE9-8C51-4FA0-91B9-AD8E1270A8D1}.Debug|x64.Build.0 = Debug|Any CPU
		{A91F2CE9-8C51-4FA0-91B9-AD8E1270A8D1}.Debug|x86.ActiveCfg = Debug|Any CPU
		{A91F2CE9-8C51-4FA0-91B9-AD8E1270A8D1}.Debug|x86.Build.0 = Debug|Any CPU
		{A91F2CE9-8C51-4FA0-91B9-AD8E1270A8D1}.Release|Any CPU.ActiveCfg = Release|Any CPU
		{A91F2CE9-8C51-4FA0-91B9-AD8E1270A8D1}.Release|Any CPU.Build.0 = Release|Any CPU
		{A91F2CE9-8C51-4FA0-91B9-AD8E1270A8D1}.Release|x64.ActiveCfg = Release|Any CPU
		{A91F2CE9-8C51-4FA0-91B9-AD8E1270A8D1}.Release|x64.Build.0 = Release|Any CPU
		{A91F2CE9-8C51-4FA0-91B9-AD8E1270A8D1}.Release|x86.ActiveCfg = Release|Any CPU
		{A91F2CE9-8C51-4FA0-91B9-AD8E1270A8D1}.Release|x86.Build.0 = Release|Any CPU
		{DE01A9DC-832B-4D4D-965C-AD7237A138CD}.Debug|Any CPU.ActiveCfg = Debug|Any CPU
		{DE01A9DC-832B-4D4D-965C-AD7237A138CD}.Debug|Any CPU.Build.0 = Debug|Any CPU
		{DE01A9DC-832B-4D4D-965C-AD7237A138CD}.Debug|x64.ActiveCfg = Debug|Any CPU
		{DE01A9DC-832B-4D4D-965C-AD7237A138CD}.Debug|x64.Build.0 = Debug|Any CPU
		{DE01A9DC-832B-4D4D-965C-AD7237A138CD}.Debug|x86.ActiveCfg = Debug|Any CPU
		{DE01A9DC-832B-4D4D-965C-AD7237A138CD}.Debug|x86.Build.0 = Debug|Any CPU
		{DE01A9DC-832B-4D4D-965C-AD7237A138CD}.Release|Any CPU.ActiveCfg = Release|Any CPU
		{DE01A9DC-832B-4D4D-965C-AD7237A138CD}.Release|Any CPU.Build.0 = Release|Any CPU
		{DE01A9DC-832B-4D4D-965C-AD7237A138CD}.Release|x64.ActiveCfg = Release|Any CPU
		{DE01A9DC-832B-4D4D-965C-AD7237A138CD}.Release|x64.Build.0 = Release|Any CPU
		{DE01A9DC-832B-4D4D-965C-AD7237A138CD}.Release|x86.ActiveCfg = Release|Any CPU
		{DE01A9DC-832B-4D4D-965C-AD7237A138CD}.Release|x86.Build.0 = Release|Any CPU
		{72AB2487-D4D8-4CF4-A50F-A374099CA357}.Debug|Any CPU.ActiveCfg = Debug|Any CPU
		{72AB2487-D4D8-4CF4-A50F-A374099CA357}.Debug|Any CPU.Build.0 = Debug|Any CPU
		{72AB2487-D4D8-4CF4-A50F-A374099CA357}.Debug|x64.ActiveCfg = Debug|Any CPU
		{72AB2487-D4D8-4CF4-A50F-A374099CA357}.Debug|x64.Build.0 = Debug|Any CPU
		{72AB2487-D4D8-4CF4-A50F-A374099CA357}.Debug|x86.ActiveCfg = Debug|Any CPU
		{72AB2487-D4D8-4CF4-A50F-A374099CA357}.Debug|x86.Build.0 = Debug|Any CPU
		{72AB2487-D4D8-4CF4-A50F-A374099CA357}.Release|Any CPU.ActiveCfg = Release|Any CPU
		{72AB2487-D4D8-4CF4-A50F-A374099CA357}.Release|Any CPU.Build.0 = Release|Any CPU
		{72AB2487-D4D8-4CF4-A50F-A374099CA357}.Release|x64.ActiveCfg = Release|Any CPU
		{72AB2487-D4D8-4CF4-A50F-A374099CA357}.Release|x64.Build.0 = Release|Any CPU
		{72AB2487-D4D8-4CF4-A50F-A374099CA357}.Release|x86.ActiveCfg = Release|Any CPU
		{72AB2487-D4D8-4CF4-A50F-A374099CA357}.Release|x86.Build.0 = Release|Any CPU
		{F70BA44B-297A-4108-95CF-E2A6CB3AB62F}.Debug|Any CPU.ActiveCfg = Debug|Any CPU
		{F70BA44B-297A-4108-95CF-E2A6CB3AB62F}.Debug|Any CPU.Build.0 = Debug|Any CPU
		{F70BA44B-297A-4108-95CF-E2A6CB3AB62F}.Debug|x64.ActiveCfg = Debug|Any CPU
		{F70BA44B-297A-4108-95CF-E2A6CB3AB62F}.Debug|x64.Build.0 = Debug|Any CPU
		{F70BA44B-297A-4108-95CF-E2A6CB3AB62F}.Debug|x86.ActiveCfg = Debug|Any CPU
		{F70BA44B-297A-4108-95CF-E2A6CB3AB62F}.Debug|x86.Build.0 = Debug|Any CPU
		{F70BA44B-297A-4108-95CF-E2A6CB3AB62F}.Release|Any CPU.ActiveCfg = Release|Any CPU
		{F70BA44B-297A-4108-95CF-E2A6CB3AB62F}.Release|Any CPU.Build.0 = Release|Any CPU
		{F70BA44B-297A-4108-95CF-E2A6CB3AB62F}.Release|x64.ActiveCfg = Release|Any CPU
		{F70BA44B-297A-4108-95CF-E2A6CB3AB62F}.Release|x64.Build.0 = Release|Any CPU
		{F70BA44B-297A-4108-95CF-E2A6CB3AB62F}.Release|x86.ActiveCfg = Release|Any CPU
		{F70BA44B-297A-4108-95CF-E2A6CB3AB62F}.Release|x86.Build.0 = Release|Any CPU
	EndGlobalSection
	GlobalSection(SolutionProperties) = preSolution
		HideSolutionNode = FALSE
	EndGlobalSection
EndGlobal
